# THIS IS AN AUTOGENERATED FILE. DO NOT EDIT THIS FILE DIRECTLY.
# yarn lockfile v1


"@next/env@13.0.1-canary.0":
  version "13.0.1-canary.0"
  resolved "https://registry.yarnpkg.com/@next/env/-/env-13.0.1-canary.0.tgz#439ac01f4740aba67d985fcb3005643259905669"
  integrity sha512-H9SSsbqPXH/dRarcMfza8EjPR8Y4LNiKcaTnk1s6a6mRI9cHTSBZGJCcf5OMhUstl+o7fm8/LfREXe2oopDU3Q==

"@next/font@^13.0.0":
  version "13.0.0"
  resolved "https://registry.yarnpkg.com/@next/font/-/font-13.0.0.tgz#b8fef6252b3371edfdcaf91c95a42bee25d7fa30"
  integrity sha512-r5dYkgMD1Qmoip1OhJSrqCSQdZ4eshkQPfe1hhQiKbZoXIbViJksPRLC6GVOgEQE6W4+CXuAXR6IYBy5M6Rixg==

"@next/swc-android-arm-eabi@13.0.1-canary.0":
  version "13.0.1-canary.0"
  resolved "https://registry.yarnpkg.com/@next/swc-android-arm-eabi/-/swc-android-arm-eabi-13.0.1-canary.0.tgz#6db06bf1e7fb4a887057bfa94f7790d69c408766"
  integrity sha512-/KOCUjPROqr6FWXegH1CmL838Qn0wb3/WXkrCBRAjXmzBUFTDBycEAFFcOzf4ALJYsCVnI55n9GrMQLuSP0Viw==

"@next/swc-android-arm64@13.0.1-canary.0":
  version "13.0.1-canary.0"
  resolved "https://registry.yarnpkg.com/@next/swc-android-arm64/-/swc-android-arm64-13.0.1-canary.0.tgz#0a79de02711b0320abbd12b4dd460d11578c3081"
  integrity sha512-NzCZ8lcUytp+eiFzPoEWY7+MriRFL7JgSKhblEusBMffyKsqrmsr2hcdMgXe3M03X9M10009mg0Q9h6vXg11Ig==

"@next/swc-darwin-arm64@13.0.1-canary.0":
  version "13.0.1-canary.0"
  resolved "https://registry.yarnpkg.com/@next/swc-darwin-arm64/-/swc-darwin-arm64-13.0.1-canary.0.tgz#ef92ad6fadc0fc4677ab0314f07bb71cda0c0cc9"
  integrity sha512-wUeTPNnktcZdDhyZUoR+1LkCodoqML6k/urlpvf1eLH0Xc7tasTP8u0BH5hgKn1FMFxiLWsc2P0+cG/bNuearw==

"@next/swc-darwin-x64@13.0.1-canary.0":
  version "13.0.1-canary.0"
  resolved "https://registry.yarnpkg.com/@next/swc-darwin-x64/-/swc-darwin-x64-13.0.1-canary.0.tgz#fd3d08f58f9691fa1c117de6c9a5278efe147ca3"
  integrity sha512-v+ap0hMA4XEvfmfn/nMdCnP/wqO4dxAIgRCRauVkLwLfHhn+fAjGvdHPZ4VWw6yIvqIHid1iF+99TGR0DzVdMQ==

"@next/swc-freebsd-x64@13.0.1-canary.0":
  version "13.0.1-canary.0"
  resolved "https://registry.yarnpkg.com/@next/swc-freebsd-x64/-/swc-freebsd-x64-13.0.1-canary.0.tgz#4e1be993db76344de70bd5c8e855fb0fe7644c8e"
  integrity sha512-jLTZYzsh5yZgVOcFYHtNiD09eGusUEwA/m6Ckvclrm/KtPA22uwsnw+fBuSFey7ioXhFq7Qrxrkf/UJMjp6DOA==

"@next/swc-linux-arm-gnueabihf@13.0.1-canary.0":
  version "13.0.1-canary.0"
  resolved "https://registry.yarnpkg.com/@next/swc-linux-arm-gnueabihf/-/swc-linux-arm-gnueabihf-13.0.1-canary.0.tgz#04e8b3f8765911da56c3c31c688ea31383047aeb"
  integrity sha512-KipodmCQX5P56/3GHSUFz+8pCAga32QXPtd7jByUQdkU7j63RsM4iJyo7kzT163m2wofUTJ2TSiTv/CmvxKF3Q==

"@next/swc-linux-arm64-gnu@13.0.1-canary.0":
  version "13.0.1-canary.0"
  resolved "https://registry.yarnpkg.com/@next/swc-linux-arm64-gnu/-/swc-linux-arm64-gnu-13.0.1-canary.0.tgz#d73346690db0b772eb2ef4c5befffc218d26b229"
  integrity sha512-MfoMTj+SrA2znSCtdYrA0gB9tY+euCJNAdZSE9onoXhzLo3DHq1qyH5+oJVW5xFYdkGbWgjRgAi1sPUeBW2wIA==

"@next/swc-linux-arm64-musl@13.0.1-canary.0":
  version "13.0.1-canary.0"
  resolved "https://registry.yarnpkg.com/@next/swc-linux-arm64-musl/-/swc-linux-arm64-musl-13.0.1-canary.0.tgz#57df885ebe1d465fb10614c356949f6b536c3908"
  integrity sha512-n3IAtphbjhGlXl8vi9ul3yYEwHrZGRMysA1ioWO8/quHSGDFGXaGAloLnQX7vQ+qajgE03eHoPAM71ulro84uw==

"@next/swc-linux-x64-gnu@13.0.1-canary.0":
  version "13.0.1-canary.0"
  resolved "https://registry.yarnpkg.com/@next/swc-linux-x64-gnu/-/swc-linux-x64-gnu-13.0.1-canary.0.tgz#0cf43a3bc0e142be4b213340d4c57156a96d0dc8"
  integrity sha512-Br8U7RYu7bHbXe8RWW5cqJ43LtfoFxS4DA6SvQg5GfH+DmLjlhhCY+O3jEH5uWRzsc8/kIiJUxhYZcJhGVJupA==

"@next/swc-linux-x64-musl@13.0.1-canary.0":
  version "13.0.1-canary.0"
  resolved "https://registry.yarnpkg.com/@next/swc-linux-x64-musl/-/swc-linux-x64-musl-13.0.1-canary.0.tgz#046634532dcff8ee2a45464948d94db78bea7064"
  integrity sha512-zYxuTgN7b83KKMBTQnitMBQBv6wYFivDnIi5TwLzg28G2lKAMPYkocY4q0Fuw6lO7QCqgOy2Ict1lAPtTmbL+w==

"@next/swc-win32-arm64-msvc@13.0.1-canary.0":
  version "13.0.1-canary.0"
  resolved "https://registry.yarnpkg.com/@next/swc-win32-arm64-msvc/-/swc-win32-arm64-msvc-13.0.1-canary.0.tgz#117da2ed57592c0c185359ab6054e3d89b1b1877"
  integrity sha512-g5jAUIaB9NOHaeeZbmTy2iEKfWvBih7LqONoMcGxYyGJM1g2/cRlG+GcAkS/Hwf1mbTSxZVm8tdjMHuTLi6S6A==

"@next/swc-win32-ia32-msvc@13.0.1-canary.0":
  version "13.0.1-canary.0"
  resolved "https://registry.yarnpkg.com/@next/swc-win32-ia32-msvc/-/swc-win32-ia32-msvc-13.0.1-canary.0.tgz#0ed47259db17cdcaf242e06a8dd35a08ff0efd6e"
  integrity sha512-G7dUKroAFp/7s9t/i6J/hdWLijdhDzI7lU7mk+3HlLYQKYgMEjcuZ52W2PfSA91vK07bSeIwEtqHBkb02MImtw==

"@next/swc-win32-x64-msvc@13.0.1-canary.0":
  version "13.0.1-canary.0"
  resolved "https://registry.yarnpkg.com/@next/swc-win32-x64-msvc/-/swc-win32-x64-msvc-13.0.1-canary.0.tgz#8de038a9a09aa80dc5377f77c55f52aeffa75978"
  integrity sha512-qWva1NZ0FmbbxYVa11BLw9WsTQyL1oRCGRYR5kAztXbX6UqBjF5QaAYnQhNr29CoLhQIMRsCMu3HIpTDqC5iAw==

"@swc/helpers@0.4.11":
  version "0.4.11"
  resolved "https://registry.yarnpkg.com/@swc/helpers/-/helpers-0.4.11.tgz#db23a376761b3d31c26502122f349a21b592c8de"
  integrity sha512-rEUrBSGIoSFuYxwBYtlUFMlE2CwGhmW+w9355/5oduSw8e5h2+Tj4UrAGNNgP9915++wj5vkQo0UuOBqOAq4nw==
  dependencies:
    tslib "^2.4.0"

"@types/node@^18.0.0":
  version "18.11.7"
  resolved "https://registry.yarnpkg.com/@types/node/-/node-18.11.7.tgz#8ccef136f240770c1379d50100796a6952f01f94"
  integrity sha512-LhFTglglr63mNXUSRYD8A+ZAIu5sFqNJ4Y2fPuY7UlrySJH87rRRlhtVmMHplmfk5WkoJGmDjE9oiTfyX94CpQ==

"@types/prop-types@*":
  version "15.7.5"
  resolved "https://registry.yarnpkg.com/@types/prop-types/-/prop-types-15.7.5.tgz#5f19d2b85a98e9558036f6a3cacc8819420f05cf"
  integrity sha512-JCB8C6SnDoQf0cNycqd/35A7MjcnK+ZTqE7judS6o7utxUCg6imJg3QK2qzHKszlTjcj2cn+NwMB2i96ubpj7w==

"@types/react@^18.0.14":
  version "18.0.24"
  resolved "https://registry.yarnpkg.com/@types/react/-/react-18.0.24.tgz#2f79ed5b27f08d05107aab45c17919754cc44c20"
  integrity sha512-wRJWT6ouziGUy+9uX0aW4YOJxAY0bG6/AOk5AW5QSvZqI7dk6VBIbXvcVgIw/W5Jrl24f77df98GEKTJGOLx7Q==
  dependencies:
    "@types/prop-types" "*"
    "@types/scheduler" "*"
    csstype "^3.0.2"

"@types/scheduler@*":
  version "0.16.2"
  resolved "https://registry.yarnpkg.com/@types/scheduler/-/scheduler-0.16.2.tgz#1a62f89525723dde24ba1b01b092bf5df8ad4d39"
  integrity sha512-hppQEBDmlwhFAXKJX2KnWLYu5yMfi91yazPb2l+lbJiwW+wdo1gNeRA+3RgNSO39WYX2euey41KEwnqesU2Jew==

caniuse-lite@^1.0.30001406:
  version "1.0.30001426"
  resolved "https://registry.yarnpkg.com/caniuse-lite/-/caniuse-lite-1.0.30001426.tgz#58da20446ccd0cb1dfebd11d2350c907ee7c2eaa"
  integrity sha512-n7cosrHLl8AWt0wwZw/PJZgUg3lV0gk9LMI7ikGJwhyhgsd2Nb65vKvmSexCqq/J7rbH3mFG6yZZiPR5dLPW5A==

client-only@0.0.1:
  version "0.0.1"
  resolved "https://registry.yarnpkg.com/client-only/-/client-only-0.0.1.tgz#38bba5d403c41ab150bff64a95c85013cf73bca1"
  integrity sha512-IV3Ou0jSMzZrd3pZ48nLkT9DA7Ag1pnPzaiQhpW7c3RbcqqzvzzVu+L8gfqMp/8IM2MQtSiqaCxrrcfu8I8rMA==

csstype@^3.0.2:
  version "3.1.1"
  resolved "https://registry.yarnpkg.com/csstype/-/csstype-3.1.1.tgz#841b532c45c758ee546a11d5bd7b7b473c8c30b9"
  integrity sha512-DJR/VvkAvSZW9bTouZue2sSxDwdTN92uHjqeKVm+0dAqdfNykRzQ95tay8aXMBAAPpUiq4Qcug2L7neoRh2Egw==

"js-tokens@^3.0.0 || ^4.0.0":
  version "4.0.0"
  resolved "https://registry.yarnpkg.com/js-tokens/-/js-tokens-4.0.0.tgz#19203fb59991df98e3a287050d4647cdeaf32499"
  integrity sha512-RdJUflcE3cUzKiMqQgsCu06FPu9UdIJO0beYbPhHN4k6apgJtifcoCtT9bcxOpYBtpD2kCM6Sbzg4CausW/PKQ==

loose-envify@^1.1.0:
  version "1.4.0"
  resolved "https://registry.yarnpkg.com/loose-envify/-/loose-envify-1.4.0.tgz#71ee51fa7be4caec1a63839f7e682d8132d30caf"
  integrity sha512-lyuxPGr/Wfhrlem2CL/UcnUc1zcqKAImBDzukY7Y5F/yQiNdko6+fRLevlw1HgMySw7f611UIY408EtxRSoK3Q==
  dependencies:
    js-tokens "^3.0.0 || ^4.0.0"

nanoid@^3.3.4:
  version "3.3.4"
  resolved "https://registry.yarnpkg.com/nanoid/-/nanoid-3.3.4.tgz#730b67e3cd09e2deacf03c027c81c9d9dbc5e8ab"
  integrity sha512-MqBkQh/OHTS2egovRtLk45wEyNXwF+cokD+1YPf9u5VfJiRdAiRwB2froX5Co9Rh20xs4siNPm8naNotSD6RBw==

next@^13.0.1-canary.0:
  version "13.0.1-canary.0"
  resolved "https://registry.yarnpkg.com/next/-/next-13.0.1-canary.0.tgz#1245f76b756f7f1b299fbbe35a77bdf73ee4f58c"
  integrity sha512-vMvILmPG7OiKAAeNFELjZHCOIYlvKARwHggPmdD5eIBEq10R7yAaVlal+mitM1xH/UTqSHhfFHMogBoH9ZdGmg==
  dependencies:
    "@next/env" "13.0.1-canary.0"
    "@swc/helpers" "0.4.11"
    caniuse-lite "^1.0.30001406"
    postcss "8.4.14"
    styled-jsx "5.1.0"
    use-sync-external-store "1.2.0"
  optionalDependencies:
    "@next/swc-android-arm-eabi" "13.0.1-canary.0"
    "@next/swc-android-arm64" "13.0.1-canary.0"
    "@next/swc-darwin-arm64" "13.0.1-canary.0"
    "@next/swc-darwin-x64" "13.0.1-canary.0"
    "@next/swc-freebsd-x64" "13.0.1-canary.0"
    "@next/swc-linux-arm-gnueabihf" "13.0.1-canary.0"
    "@next/swc-linux-arm64-gnu" "13.0.1-canary.0"
    "@next/swc-linux-arm64-musl" "13.0.1-canary.0"
    "@next/swc-linux-x64-gnu" "13.0.1-canary.0"
    "@next/swc-linux-x64-musl" "13.0.1-canary.0"
    "@next/swc-win32-arm64-msvc" "13.0.1-canary.0"
    "@next/swc-win32-ia32-msvc" "13.0.1-canary.0"
    "@next/swc-win32-x64-msvc" "13.0.1-canary.0"

picocolors@^1.0.0:
  version "1.0.0"
  resolved "https://registry.yarnpkg.com/picocolors/-/picocolors-1.0.0.tgz#cb5bdc74ff3f51892236eaf79d68bc44564ab81c"
  integrity sha512-1fygroTLlHu66zi26VoTDv8yRgm0Fccecssto+MhsZ0D/DGW2sm8E8AjW7NU5VVTRt5GxbeZ5qBuJr+HyLYkjQ==

postcss@8.4.14:
  version "8.4.14"
  resolved "https://registry.yarnpkg.com/postcss/-/postcss-8.4.14.tgz#ee9274d5622b4858c1007a74d76e42e56fd21caf"
  integrity sha512-E398TUmfAYFPBSdzgeieK2Y1+1cpdxJx8yXbK/m57nRhKSmk1GB2tO4lbLBtlkfPQTDKfe4Xqv1ASWPpayPEig==
  dependencies:
    nanoid "^3.3.4"
    picocolors "^1.0.0"
    source-map-js "^1.0.2"

react-dom@^18.2.0:
  version "18.2.0"
  resolved "https://registry.yarnpkg.com/react-dom/-/react-dom-18.2.0.tgz#22aaf38708db2674ed9ada224ca4aa708d821e3d"
  integrity sha512-6IMTriUmvsjHUjNtEDudZfuDQUoWXVxKHhlEGSk81n4YFS+r/Kl99wXiwlVXtPBtJenozv2P+hxDsw9eA7Xo6g==
  dependencies:
    loose-envify "^1.1.0"
    scheduler "^0.23.0"

react@^18.2.0:
  version "18.2.0"
  resolved "https://registry.yarnpkg.com/react/-/react-18.2.0.tgz#555bd98592883255fa00de14f1151a917b5d77d5"
  integrity sha512-/3IjMdb2L9QbBdWiW5e3P2/npwMBaU9mHCSCUzNln0ZCYbcfTsGbTJrU/kGemdH2IWmB2ioZ+zkxtmq6g09fGQ==
  dependencies:
    loose-envify "^1.1.0"

scheduler@^0.23.0:
  version "0.23.0"
  resolved "https://registry.yarnpkg.com/scheduler/-/scheduler-0.23.0.tgz#ba8041afc3d30eb206a487b6b384002e4e61fdfe"
  integrity sha512-CtuThmgHNg7zIZWAXi3AsyIzA3n4xx7aNyjwC2VJldO2LMVDhFK+63xGqq6CsJH4rTAt6/M+N4GhZiDYPx9eUw==
  dependencies:
    loose-envify "^1.1.0"

source-map-js@^1.0.2:
  version "1.0.2"
  resolved "https://registry.yarnpkg.com/source-map-js/-/source-map-js-1.0.2.tgz#adbc361d9c62df380125e7f161f71c826f1e490c"
  integrity sha512-R0XvVJ9WusLiqTCEiGCmICCMplcCkIwwR11mOSD9CR5u+IXYdiseeEuXCVAjS54zqwkLcPNnmU4OeJ6tUrWhDw==

styled-jsx@5.1.0:
  version "5.1.0"
  resolved "https://registry.yarnpkg.com/styled-jsx/-/styled-jsx-5.1.0.tgz#4a5622ab9714bd3fcfaeec292aa555871f057563"
  integrity sha512-/iHaRJt9U7T+5tp6TRelLnqBqiaIT0HsO0+vgyj8hK2KUk7aejFqRrumqPUlAqDwAj8IbS/1hk3IhBAAK/FCUQ==
  dependencies:
    client-only "0.0.1"

tslib@^2.4.0:
  version "2.4.0"
  resolved "https://registry.yarnpkg.com/tslib/-/tslib-2.4.0.tgz#7cecaa7f073ce680a05847aa77be941098f36dc3"
  integrity sha512-d6xOpEDfsi2CZVlPQzGeux8XMwLT9hssAsaPYExaQMuYskwb+x1x7J371tWlbBdWHroy99KnVB6qIkUbs5X3UQ==

typescript@^4.7.4:
  version "4.8.4"
  resolved "https://registry.yarnpkg.com/typescript/-/typescript-4.8.4.tgz#c464abca159669597be5f96b8943500b238e60e6"
  integrity sha512-QCh+85mCy+h0IGff8r5XWzOVSbBO+KfeYrMQh7NJ58QujwcE22u+NUSmUxqF+un70P9GXKxa2HCNiTTMJknyjQ==

use-sync-external-store@1.2.0:
  version "1.2.0"
  resolved "https://registry.yarnpkg.com/use-sync-external-store/-/use-sync-external-store-1.2.0.tgz#7dbefd6ef3fe4e767a0cf5d7287aacfb5846928a"
  integrity sha512-eEgnFxGQ1Ife9bzYs6VLi8/4X6CObHMw9Qr9tPY43iKwsPw8xE8+EFsf/2cFZ5S3esXgpWgtSCtLNS41F+sKPA==
